
Microsoft Visual Studio Solution File, Format Version 12.00
# Visual Studio Version 17
VisualStudioVersion = 17.3.32929.385
MinimumVisualStudioVersion = 10.0.40219.1
Project("{8BC9CEB8-8B4A-11D0-8D11-00A0C91BC942}") = "EvidentaMonitoare", "EvidentaMonitoare\EvidentaMonitoare.vcxproj", "{C2C41BDD-6C71-4E28-BF0E-36A2D3FE19FB}"
EndProject
Global
	GlobalSection(SolutionConfigurationPlatforms) = preSolution
		Debug|x64 = Debug|x64
		Debug|x86 = Debug|x86
		Release|x64 = Release|x64
		Release|x86 = Release|x86
	EndGlobalSection
	GlobalSection(ProjectConfigurationPlatforms) = postSolution
		{C2C41BDD-6C71-4E28-BF0E-36A2D3FE19FB}.Debug|x64.ActiveCfg = Debug|x64
		{C2C41BDD-6C71-4E28-BF0E-36A2D3FE19FB}.Debug|x64.Build.0 = Debug|x64
		{C2C41BDD-6C71-4E28-BF0E-36A2D3FE19FB}.Debug|x86.ActiveCfg = Debug|Win32
		{C2C41BDD-6C71-4E28-BF0E-36A2D3FE19FB}.Debug|x86.Build.0 = Debug|Win32
		{C2C41BDD-6C71-4E28-BF0E-36A2D3FE19FB}.Release|x64.ActiveCfg = Release|x64
		{C2C41BDD-6C71-4E28-BF0E-36A2D3FE19FB}.Release|x64.Build.0 = Release|x64
		{C2C41BDD-6C71-4E28-BF0E-36A2D3FE19FB}.Release|x86.ActiveCfg = Release|Win32
		{C2C41BDD-6C71-4E28-BF0E-36A2D3FE19FB}.Release|x86.Build.0 = Release|Win32
	EndGlobalSection
	GlobalSection(SolutionProperties) = preSolution
		HideSolutionNode = FALSE
	EndGlobalSection
	GlobalSection(ExtensibilityGlobals) = postSolution
		SolutionGuid = {9EC0ADDE-0458-4B17-B720-2DB290610EAF}
	EndGlobalSection
EndGlobal
